
Microsoft Visual Studio Solution File, Format Version 12.00
# Visual Studio Version 17
VisualStudioVersion = 17.1.32328.378
MinimumVisualStudioVersion = 10.0.40219.1
Project("{9A19103F-16F7-4668-BE54-9A1E7A4F7556}") = "MediaPreprocessor", "MediaPreprocessor\MediaPreprocessor.csproj", "{34FEDBBE-ACFA-484E-8744-79888A2697AB}"
EndProject
Project("{E53339B2-1760-4266-BCC7-CA923CBCF16C}") = "docker-compose", "MediaPreprocessor\docker-compose.dcproj", "{509AC96B-15B8-4629-9BD7-F7BE654DB67B}"
EndProject
Project("{9A19103F-16F7-4668-BE54-9A1E7A4F7556}") = "MediaPreprocessor.Tests", "MediaPreprocessor.Tests\MediaPreprocessor.Tests.csproj", "{A70EA542-9A5A-4756-ACBA-976B9B85C70E}"
EndProject
Project("{2150E333-8FDC-42A3-9474-1A3956D46DE8}") = "Solution Items", "Solution Items", "{9279A3E4-3AB9-4C5A-8B79-8968F49588CA}"
	ProjectSection(SolutionItems) = preProject
		Algorythm.txt = Algorythm.txt
		Plan.txt = Plan.txt
		sampleEventLog.json = sampleEventLog.json
		Todo.txt = Todo.txt
	EndProjectSection
EndProject
Project("{9A19103F-16F7-4668-BE54-9A1E7A4F7556}") = "MediaMining.SortIntoFolders", "MediaMining.SortIntoFolders\MediaMining.SortIntoFolders.csproj", "{C78293D5-A49D-43FF-86AC-FAD41617B6D2}"
EndProject
Project("{9A19103F-16F7-4668-BE54-9A1E7A4F7556}") = "MediaMining.PositionImporter", "MediaMining.PositionImporter\MediaMining.PositionImporter.csproj", "{70D5731C-59DF-4361-BB6E-658F77932E3A}"
EndProject
Project("{9A19103F-16F7-4668-BE54-9A1E7A4F7556}") = "MediaMining.EventImporter", "MediaMining.EventImporter\MediaMining.EventImporter.csproj", "{FF48F066-B860-41E5-A917-FEB1173C9A96}"
EndProject
Project("{9A19103F-16F7-4668-BE54-9A1E7A4F7556}") = "SortIntoFolders", "SortIntoFolders\SortIntoFolders.csproj", "{0BC115F8-FFD1-4053-A014-343F9D8E83A3}"
EndProject
Project("{9A19103F-16F7-4668-BE54-9A1E7A4F7556}") = "GenerateEvent", "GenerateEvent\GenerateEvent.csproj", "{3780DFB4-7D25-4638-9F26-BCF0CF876442}"
EndProject
Project("{9A19103F-16F7-4668-BE54-9A1E7A4F7556}") = "ProcessPossitions", "ProcessPossitions\ProcessPossitions.csproj", "{553E271A-1FA6-48E0-B411-76297E2A7650}"
EndProject
Project("{FAE04EC0-301F-11D3-BF4B-00C04F79EFBC}") = "ScenarioAIGenerator", "ScenarioAIGenerator\ScenarioAIGenerator.csproj", "{44BAB54D-CF90-401E-83F8-1D0F6AAA3092}"
EndProject
Project("{FAE04EC0-301F-11D3-BF4B-00C04F79EFBC}") = "ObjectDetection", "ObjectRecognition\ObjectDetection.csproj", "{89BA19D5-F366-A4C9-267B-E83E5DDED74D}"
EndProject
Global
	GlobalSection(SolutionConfigurationPlatforms) = preSolution
		Debug|Any CPU = Debug|Any CPU
		Release|Any CPU = Release|Any CPU
	EndGlobalSection
	GlobalSection(ProjectConfigurationPlatforms) = postSolution
		{34FEDBBE-ACFA-484E-8744-79888A2697AB}.Debug|Any CPU.ActiveCfg = Debug|Any CPU
		{34FEDBBE-ACFA-484E-8744-79888A2697AB}.Debug|Any CPU.Build.0 = Debug|Any CPU
		{34FEDBBE-ACFA-484E-8744-79888A2697AB}.Release|Any CPU.ActiveCfg = Release|Any CPU
		{34FEDBBE-ACFA-484E-8744-79888A2697AB}.Release|Any CPU.Build.0 = Release|Any CPU
		{509AC96B-15B8-4629-9BD7-F7BE654DB67B}.Debug|Any CPU.ActiveCfg = Debug|Any CPU
		{509AC96B-15B8-4629-9BD7-F7BE654DB67B}.Debug|Any CPU.Build.0 = Debug|Any CPU
		{509AC96B-15B8-4629-9BD7-F7BE654DB67B}.Release|Any CPU.ActiveCfg = Release|Any CPU
		{509AC96B-15B8-4629-9BD7-F7BE654DB67B}.Release|Any CPU.Build.0 = Release|Any CPU
		{A70EA542-9A5A-4756-ACBA-976B9B85C70E}.Debug|Any CPU.ActiveCfg = Debug|Any CPU
		{A70EA542-9A5A-4756-ACBA-976B9B85C70E}.Debug|Any CPU.Build.0 = Debug|Any CPU
		{A70EA542-9A5A-4756-ACBA-976B9B85C70E}.Release|Any CPU.ActiveCfg = Release|Any CPU
		{A70EA542-9A5A-4756-ACBA-976B9B85C70E}.Release|Any CPU.Build.0 = Release|Any CPU
		{C78293D5-A49D-43FF-86AC-FAD41617B6D2}.Debug|Any CPU.ActiveCfg = Debug|Any CPU
		{C78293D5-A49D-43FF-86AC-FAD41617B6D2}.Debug|Any CPU.Build.0 = Debug|Any CPU
		{C78293D5-A49D-43FF-86AC-FAD41617B6D2}.Release|Any CPU.ActiveCfg = Release|Any CPU
		{C78293D5-A49D-43FF-86AC-FAD41617B6D2}.Release|Any CPU.Build.0 = Release|Any CPU
		{70D5731C-59DF-4361-BB6E-658F77932E3A}.Debug|Any CPU.ActiveCfg = Debug|Any CPU
		{70D5731C-59DF-4361-BB6E-658F77932E3A}.Debug|Any CPU.Build.0 = Debug|Any CPU
		{70D5731C-59DF-4361-BB6E-658F77932E3A}.Release|Any CPU.ActiveCfg = Release|Any CPU
		{70D5731C-59DF-4361-BB6E-658F77932E3A}.Release|Any CPU.Build.0 = Release|Any CPU
		{FF48F066-B860-41E5-A917-FEB1173C9A96}.Debug|Any CPU.ActiveCfg = Debug|Any CPU
		{FF48F066-B860-41E5-A917-FEB1173C9A96}.Debug|Any CPU.Build.0 = Debug|Any CPU
		{FF48F066-B860-41E5-A917-FEB1173C9A96}.Release|Any CPU.ActiveCfg = Release|Any CPU
		{FF48F066-B860-41E5-A917-FEB1173C9A96}.Release|Any CPU.Build.0 = Release|Any CPU
		{0BC115F8-FFD1-4053-A014-343F9D8E83A3}.Debug|Any CPU.ActiveCfg = Debug|Any CPU
		{0BC115F8-FFD1-4053-A014-343F9D8E83A3}.Debug|Any CPU.Build.0 = Debug|Any CPU
		{0BC115F8-FFD1-4053-A014-343F9D8E83A3}.Release|Any CPU.ActiveCfg = Release|Any CPU
		{0BC115F8-FFD1-4053-A014-343F9D8E83A3}.Release|Any CPU.Build.0 = Release|Any CPU
		{3780DFB4-7D25-4638-9F26-BCF0CF876442}.Debug|Any CPU.ActiveCfg = Debug|Any CPU
		{3780DFB4-7D25-4638-9F26-BCF0CF876442}.Debug|Any CPU.Build.0 = Debug|Any CPU
		{3780DFB4-7D25-4638-9F26-BCF0CF876442}.Release|Any CPU.ActiveCfg = Release|Any CPU
		{3780DFB4-7D25-4638-9F26-BCF0CF876442}.Release|Any CPU.Build.0 = Release|Any CPU
		{553E271A-1FA6-48E0-B411-76297E2A7650}.Debug|Any CPU.ActiveCfg = Debug|Any CPU
		{553E271A-1FA6-48E0-B411-76297E2A7650}.Debug|Any CPU.Build.0 = Debug|Any CPU
		{553E271A-1FA6-48E0-B411-76297E2A7650}.Release|Any CPU.ActiveCfg = Release|Any CPU
		{553E271A-1FA6-48E0-B411-76297E2A7650}.Release|Any CPU.Build.0 = Release|Any CPU
		{44BAB54D-CF90-401E-83F8-1D0F6AAA3092}.Debug|Any CPU.ActiveCfg = Debug|Any CPU
		{44BAB54D-CF90-401E-83F8-1D0F6AAA3092}.Debug|Any CPU.Build.0 = Debug|Any CPU
		{44BAB54D-CF90-401E-83F8-1D0F6AAA3092}.Release|Any CPU.ActiveCfg = Release|Any CPU
		{44BAB54D-CF90-401E-83F8-1D0F6AAA3092}.Release|Any CPU.Build.0 = Release|Any CPU
		{89BA19D5-F366-A4C9-267B-E83E5DDED74D}.Debug|Any CPU.ActiveCfg = Debug|Any CPU
		{89BA19D5-F366-A4C9-267B-E83E5DDED74D}.Debug|Any CPU.Build.0 = Debug|Any CPU
		{89BA19D5-F366-A4C9-267B-E83E5DDED74D}.Release|Any CPU.ActiveCfg = Release|Any CPU
		{89BA19D5-F366-A4C9-267B-E83E5DDED74D}.Release|Any CPU.Build.0 = Release|Any CPU
	EndGlobalSection
	GlobalSection(SolutionProperties) = preSolution
		HideSolutionNode = FALSE
	EndGlobalSection
	GlobalSection(ExtensibilityGlobals) = postSolution
		SolutionGuid = {49811060-7A3A-4B3B-A1F2-8F34639B3983}
	EndGlobalSection
EndGlobal
